PODS:
  - AFNetworking (3.2.1):
    - AFNetworking/NSURLSession (= 3.2.1)
    - AFNetworking/Reachability (= 3.2.1)
    - AFNetworking/Security (= 3.2.1)
    - AFNetworking/Serialization (= 3.2.1)
    - AFNetworking/UIKit (= 3.2.1)
  - AFNetworking/NSURLSession (3.2.1):
    - AFNetworking/Reachability
    - AFNetworking/Security
    - AFNetworking/Serialization
  - AFNetworking/Reachability (3.2.1)
  - AFNetworking/Security (3.2.1)
  - AFNetworking/Serialization (3.2.1)
  - AFNetworking/UIKit (3.2.1):
    - AFNetworking/NSURLSession
  - BlocksKit (2.2.5):
    - BlocksKit/All (= 2.2.5)
  - BlocksKit/All (2.2.5):
    - BlocksKit/Core
    - BlocksKit/DynamicDelegate
    - BlocksKit/MessageUI
    - BlocksKit/UIKit
  - BlocksKit/Core (2.2.5)
  - BlocksKit/DynamicDelegate (2.2.5)
  - BlocksKit/MessageUI (2.2.5):
    - BlocksKit/Core
    - BlocksKit/DynamicDelegate
  - BlocksKit/UIKit (2.2.5):
    - BlocksKit/Core
    - BlocksKit/DynamicDelegate
  - FCFileManager (1.0.20)
  - FLAnimatedImage (1.0.12)
  - GPUImage (0.1.7)
  - LYCategory (1.2.37)
  - LYCore (1.0.33):
    - AFNetworking (~> 3.2.1)
    - FCFileManager (~> 1.0.20)
    - LYCategory
    - Masonry (~> 1.1.0)
  - LYImagePicker (1.0.0):
    - GPUImage
    - LYCategory
    - LYCore
  - Masonry (1.1.0)

DEPENDENCIES:
  - BlocksKit
  - FLAnimatedImage
  - LYImagePicker (from `../`)

SPEC REPOS:
  https://github.com/cocoapods/specs.git:
    - AFNetworking
    - BlocksKit
    - FCFileManager
    - FLAnimatedImage
    - GPUImage
    - LYCategory
    - LYCore
    - Masonry

EXTERNAL SOURCES:
  LYImagePicker:
    :path: "../"

SPEC CHECKSUMS:
  AFNetworking: b6f891fdfaed196b46c7a83cf209e09697b94057
  BlocksKit: 7f422b971407001178d181a43b99014ea2591fe6
  FCFileManager: e0f73316e6aa2eb04d2ff4caa75fe7df1ae44270
  FLAnimatedImage: 4a0b56255d9b05f18b6dd7ee06871be5d3b89e31
  GPUImage: 733a5f0fab92df9de1c37ba9df520a833ccb406d
  LYCategory: 0c3b48db41f99ee4fafc7debe374b8d22beaf207
  LYCore: c0eaa8b8e2a40c4905d6b41873428ddc36554824
  LYImagePicker: d1a1facd9b3209ff9ca4a9530de574b5c5037f1c
  Masonry: 678fab65091a9290e40e2832a55e7ab731aad201

PODFILE CHECKSUM: 2790f195299363157ec6f2e75c8cb21b2866fbfe

COCOAPODS: 1.6.0
